{
    "_readme": [
        "This file locks the dependencies of your project to a known state",
        "Read more about it at https://getcomposer.org/doc/01-basic-usage.md#installing-dependencies",
        "This file is @generated automatically"
    ],
    "content-hash": "a1f32057cad71a464a57723809e51d8a",
    "packages": [
        {
            "name": "rdx/db",
            "version": "1.21",
            "source": {
                "type": "git",
                "url": "https://github.com/rudiedirkx/db_generic.git",
                "reference": "2e4f73216638dc8e49c55c9e4f31cd8b013ad44e"
            },
            "dist": {
                "type": "zip",
                "url": "https://api.github.com/repos/rudiedirkx/db_generic/zipball/2e4f73216638dc8e49c55c9e4f31cd8b013ad44e",
                "reference": "2e4f73216638dc8e49c55c9e4f31cd8b013ad44e",
                "shasum": ""
            },
            "type": "library",
            "autoload": {
                "classmap": [
                    "./"
                ],
                "exclude-from-classmap": [
                    "/test/"
                ]
            },
            "notification-url": "https://packagist.org/downloads/",
            "license": [
                "MIT"
            ],
            "authors": [
                {
                    "name": "Rudie Dirkx",
                    "email": "github@hotblocks.nl"
                }
            ],
            "description": "Simple MySQL/SQLite wrapper",
            "support": {
                "issues": "https://github.com/rudiedirkx/db_generic/issues",
                "source": "https://github.com/rudiedirkx/db_generic/tree/1.21"
            },
            "time": "2022-03-25T14:02:33+00:00"
        }
    ],
    "packages-dev": [],
    "aliases": [],
    "minimum-stability": "stable",
    "stability-flags": [],
    "prefer-stable": false,
    "prefer-lowest": false,
    "platform": [],
    "platform-dev": [],
    "plugin-api-version": "2.2.0"
}
